
Microsoft Visual Studio Solution File, Format Version 12.00
# Visual Studio Version 16
VisualStudioVersion = 16.0.30907.101
MinimumVisualStudioVersion = 10.0.40219.1
Project("{9A19103F-16F7-4668-BE54-9A1E7A4F7556}") = "jbDEV_Eternal.Api", "EternalSigma\jbDEV_Eternal.Api.csproj", "{6AAC470A-0C95-436C-BDE6-AF31D05959CD}"
EndProject
Project("{9A19103F-16F7-4668-BE54-9A1E7A4F7556}") = "jbDEV_Eternal.Infra", "jbDEV_Eternal.Infra\jbDEV_Eternal.Infra.csproj", "{5AD86390-9FDE-49C8-A84F-8C5E7C20AA17}"
EndProject
Project("{9A19103F-16F7-4668-BE54-9A1E7A4F7556}") = "jbDEV_Eternal.Domain", "jbDEV_Eternal.Domain\jbDEV_Eternal.Domain.csproj", "{819EBC5D-5119-45D0-8594-B737EA3A3033}"
EndProject
Project("{9A19103F-16F7-4668-BE54-9A1E7A4F7556}") = "jbDEV_Eternal.Business", "jbDEV_Eternal.Business\jbDEV_Eternal.Business.csproj", "{156591AB-783F-4040-8A9C-9F21AE5520C3}"
EndProject
Project("{2150E333-8FDC-42A3-9474-1A3956D46DE8}") = "001 - Libs", "001 - Libs", "{3BB0B6DD-B866-4652-ABB3-0CA36AC1E0CF}"
EndProject
Project("{FAE04EC0-301F-11D3-BF4B-00C04F79EFBC}") = "Libs.CQRS", "Libs.CQRS\Libs.CQRS.csproj", "{3D1875F5-5263-4294-A1D8-01A4B0850336}"
EndProject
Global
	GlobalSection(SolutionConfigurationPlatforms) = preSolution
		Debug|Any CPU = Debug|Any CPU
		Release|Any CPU = Release|Any CPU
	EndGlobalSection
	GlobalSection(ProjectConfigurationPlatforms) = postSolution
		{6AAC470A-0C95-436C-BDE6-AF31D05959CD}.Debug|Any CPU.ActiveCfg = Debug|Any CPU
		{6AAC470A-0C95-436C-BDE6-AF31D05959CD}.Debug|Any CPU.Build.0 = Debug|Any CPU
		{6AAC470A-0C95-436C-BDE6-AF31D05959CD}.Release|Any CPU.ActiveCfg = Release|Any CPU
		{6AAC470A-0C95-436C-BDE6-AF31D05959CD}.Release|Any CPU.Build.0 = Release|Any CPU
		{5AD86390-9FDE-49C8-A84F-8C5E7C20AA17}.Debug|Any CPU.ActiveCfg = Debug|Any CPU
		{5AD86390-9FDE-49C8-A84F-8C5E7C20AA17}.Debug|Any CPU.Build.0 = Debug|Any CPU
		{5AD86390-9FDE-49C8-A84F-8C5E7C20AA17}.Release|Any CPU.ActiveCfg = Release|Any CPU
		{5AD86390-9FDE-49C8-A84F-8C5E7C20AA17}.Release|Any CPU.Build.0 = Release|Any CPU
		{819EBC5D-5119-45D0-8594-B737EA3A3033}.Debug|Any CPU.ActiveCfg = Debug|Any CPU
		{819EBC5D-5119-45D0-8594-B737EA3A3033}.Debug|Any CPU.Build.0 = Debug|Any CPU
		{819EBC5D-5119-45D0-8594-B737EA3A3033}.Release|Any CPU.ActiveCfg = Release|Any CPU
		{819EBC5D-5119-45D0-8594-B737EA3A3033}.Release|Any CPU.Build.0 = Release|Any CPU
		{156591AB-783F-4040-8A9C-9F21AE5520C3}.Debug|Any CPU.ActiveCfg = Debug|Any CPU
		{156591AB-783F-4040-8A9C-9F21AE5520C3}.Debug|Any CPU.Build.0 = Debug|Any CPU
		{156591AB-783F-4040-8A9C-9F21AE5520C3}.Release|Any CPU.ActiveCfg = Release|Any CPU
		{156591AB-783F-4040-8A9C-9F21AE5520C3}.Release|Any CPU.Build.0 = Release|Any CPU
		{3D1875F5-5263-4294-A1D8-01A4B0850336}.Debug|Any CPU.ActiveCfg = Debug|Any CPU
		{3D1875F5-5263-4294-A1D8-01A4B0850336}.Debug|Any CPU.Build.0 = Debug|Any CPU
		{3D1875F5-5263-4294-A1D8-01A4B0850336}.Release|Any CPU.ActiveCfg = Release|Any CPU
		{3D1875F5-5263-4294-A1D8-01A4B0850336}.Release|Any CPU.Build.0 = Release|Any CPU
	EndGlobalSection
	GlobalSection(SolutionProperties) = preSolution
		HideSolutionNode = FALSE
	EndGlobalSection
	GlobalSection(NestedProjects) = preSolution
		{3D1875F5-5263-4294-A1D8-01A4B0850336} = {3BB0B6DD-B866-4652-ABB3-0CA36AC1E0CF}
	EndGlobalSection
	GlobalSection(ExtensibilityGlobals) = postSolution
		SolutionGuid = {C216C4FE-9AA7-4C2D-B599-596385CB99A5}
	EndGlobalSection
EndGlobal
